
Microsoft Visual Studio Solution File, Format Version 12.00
# Visual Studio Version 16
VisualStudioVersion = 16.0.33529.622
MinimumVisualStudioVersion = 10.0.40219.1
Project("{FAE04EC0-301F-11D3-BF4B-00C04F79EFBC}") = "lab1ex2", "lab1ex2\lab1ex2.csproj", "{13DBBAFA-12CF-4F52-8259-97F7B825EED4}"
EndProject
Global
	GlobalSection(SolutionConfigurationPlatforms) = preSolution
		Debug|Any CPU = Debug|Any CPU
		Release|Any CPU = Release|Any CPU
	EndGlobalSection
	GlobalSection(ProjectConfigurationPlatforms) = postSolution
		{13DBBAFA-12CF-4F52-8259-97F7B825EED4}.Debug|Any CPU.ActiveCfg = Debug|Any CPU
		{13DBBAFA-12CF-4F52-8259-97F7B825EED4}.Debug|Any CPU.Build.0 = Debug|Any CPU
		{13DBBAFA-12CF-4F52-8259-97F7B825EED4}.Release|Any CPU.ActiveCfg = Release|Any CPU
		{13DBBAFA-12CF-4F52-8259-97F7B825EED4}.Release|Any CPU.Build.0 = Release|Any CPU
	EndGlobalSection
	GlobalSection(SolutionProperties) = preSolution
		HideSolutionNode = FALSE
	EndGlobalSection
	GlobalSection(ExtensibilityGlobals) = postSolution
		SolutionGuid = {230B90AB-7862-4565-8C87-1A005D6C53B0}
	EndGlobalSection
EndGlobal
